version = 1
revision = 3
requires-python = ">=3.14"

[[package]]
name = "astroid"
version = "4.0.4"
source = { registry = "https://pypi.org/simple" }
sdist = { url = "https://files.pythonhosted.org/packages/07/63/0adf26577da5eff6eb7a177876c1cfa213856be9926a000f65c4add9692b/astroid-4.0.4.tar.gz", hash = "sha256:986fed8bcf79fb82c78b18a53352a0b287a73817d6dbcfba3162da36667c49a0", size = 406358, upload-time = "2026-02-07T23:35:07.509Z" }
wheels = [
    { url = "https://files.pythonhosted.org/packages/b0/cf/1c5f42b110e57bc5502eb80dbc3b03d256926062519224835ef08134f1f9/astroid-4.0.4-py3-none-any.whl", hash = "sha256:52f39653876c7dec3e3afd4c2696920e05c83832b9737afc21928f2d2eb7a753", size = 276445, upload-time = "2026-02-07T23:35:05.344Z" },
]

[[package]]
name = "colorama"
version = "0.4.6"
source = { registry = "https://pypi.org/simple" }
sdist = { url = "https://files.pythonhosted.org/packages/d8/53/6f443c9a4a8358a93a6792e2acffb9d9d5cb0a5cfd8802644b7b1c9a02e4/colorama-0.4.6.tar.gz", hash = "sha256:08695f5cb7ed6e0531a20572697297273c47b8cae5a63ffc6d6ed5c201be6e44", size = 27697, upload-time = "2022-10-25T02:36:22.414Z" }
wheels = [
    { url = "https://files.pythonhosted.org/packages/d1/d6/3965ed04c63042e047cb6a3e6ed1a63a35087b6a609aa3a15ed8ac56c221/colorama-0.4.6-py2.py3-none-any.whl", hash = "sha256:4f1d9991f5acc0ca119f9d443620b77f9d6b33703e51011c16baf57afb285fc6", size = 25335, upload-time = "2022-10-25T02:36:20.889Z" },
]

[[package]]
name = "dill"
version = "0.4.1"
source = { registry = "https://pypi.org/simple" }
sdist = { url = "https://files.pythonhosted.org/packages/81/e1/56027a71e31b02ddc53c7d65b01e68edf64dea2932122fe7746a516f75d5/dill-0.4.1.tar.gz", hash = "sha256:423092df4182177d4d8ba8290c8a5b640c66ab35ec7da59ccfa00f6fa3eea5fa", size = 187315, upload-time = "2026-01-19T02:36:56.85Z" }
wheels = [
    { url = "https://files.pythonhosted.org/packages/1e/77/dc8c558f7593132cf8fefec57c4f60c83b16941c574ac5f619abb3ae7933/dill-0.4.1-py3-none-any.whl", hash = "sha256:1e1ce33e978ae97fcfcff5638477032b801c46c7c65cf717f95fbc2248f79a9d", size = 120019, upload-time = "2026-01-19T02:36:55.663Z" },
]

[[package]]
name = "iniconfig"
version = "2.3.0"
source = { registry = "https://pypi.org/simple" }
sdist = { url = "https://files.pythonhosted.org/packages/72/34/14ca021ce8e5dfedc35312d08ba8bf51fdd999c576889fc2c24cb97f4f10/iniconfig-2.3.0.tar.gz", hash = "sha256:c76315c77db068650d49c5b56314774a7804df16fee4402c1f19d6d15d8c4730", size = 20503, upload-time = "2025-10-18T21:55:43.219Z" }
wheels = [
    { url = "https://files.pythonhosted.org/packages/cb/b1/3846dd7f199d53cb17f49cba7e651e9ce294d8497c8c150530ed11865bb8/iniconfig-2.3.0-py3-none-any.whl", hash = "sha256:f631c04d2c48c52b84d0d0549c99ff3859c98df65b3101406327ecc7d53fbf12", size = 7484, upload-time = "2025-10-18T21:55:41.639Z" },
]

[[package]]
name = "isort"
version = "8.0.1"
source = { registry = "https://pypi.org/simple" }
sdist = { url = "https://files.pythonhosted.org/packages/ef/7c/ec4ab396d31b3b395e2e999c8f46dec78c5e29209fac49d1f4dace04041d/isort-8.0.1.tar.gz", hash = "sha256:171ac4ff559cdc060bcfff550bc8404a486fee0caab245679c2abe7cb253c78d", size = 769592, upload-time = "2026-02-28T10:08:20.685Z" }
wheels = [
    { url = "https://files.pythonhosted.org/packages/3e/95/c7c34aa53c16353c56d0b802fba48d5f5caa2cdee7958acbcb795c830416/isort-8.0.1-py3-none-any.whl", hash = "sha256:28b89bc70f751b559aeca209e6120393d43fbe2490de0559662be7a9787e3d75", size = 89733, upload-time = "2026-02-28T10:08:19.466Z" },
]

[[package]]
name = "mccabe"
version = "0.7.0"
source = { registry = "https://pypi.org/simple" }
sdist = { url = "https://files.pythonhosted.org/packages/e7/ff/0ffefdcac38932a54d2b5eed4e0ba8a408f215002cd178ad1df0f2806ff8/mccabe-0.7.0.tar.gz", hash = "sha256:348e0240c33b60bbdf4e523192ef919f28cb2c3d7d5c7794f74009290f236325", size = 9658, upload-time = "2022-01-24T01:14:51.113Z" }
wheels = [
    { url = "https://files.pythonhosted.org/packages/27/1a/1f68f9ba0c207934b35b86a8ca3aad8395a3d6dd7921c0686e23853ff5a9/mccabe-0.7.0-py2.py3-none-any.whl", hash = "sha256:6c2d30ab6be0e4a46919781807b4f0d834ebdd6c6e3dca0bda5a15f863427b6e", size = 7350, upload-time = "2022-01-24T01:14:49.62Z" },
]

[[package]]
name = "packaging"
version = "26.2"
source = { registry = "https://pypi.org/simple" }
sdist = { url = "https://files.pythonhosted.org/packages/d7/f1/e7a6dd94a8d4a5626c03e4e99c87f241ba9e350cd9e6d75123f992427270/packaging-26.2.tar.gz", hash = "sha256:ff452ff5a3e828ce110190feff1178bb1f2ea2281fa2075aadb987c2fb221661", size = 228134, upload-time = "2026-04-24T20:15:23.917Z" }
wheels = [
    { url = "https://files.pythonhosted.org/packages/df/b2/87e62e8c3e2f4b32e5fe99e0b86d576da1312593b39f47d8ceef365e95ed/packaging-26.2-py3-none-any.whl", hash = "sha256:5fc45236b9446107ff2415ce77c807cee2862cb6fac22b8a73826d0693b0980e", size = 100195, upload-time = "2026-04-24T20:15:22.081Z" },
]

[[package]]
name = "platformdirs"
version = "4.10.0"
source = { registry = "https://pypi.org/simple" }
sdist = { url = "https://files.pythonhosted.org/packages/d7/47/e4501f49c178ae1d9f4a75073fda4204f52647993f075a9db4d14930e0c5/platformdirs-4.10.0.tar.gz", hash = "sha256:31e761a6a0ca04faf7353ea759bdba55652be214725111e5aac52dfa29d4bef7", size = 31224, upload-time = "2026-05-28T03:32:53.587Z" }
wheels = [
    { url = "https://files.pythonhosted.org/packages/81/e6/cd9575ac904136b3cbf7aa7ee819ef86eedb7274e46f230e94ea4342e729/platformdirs-4.10.0-py3-none-any.whl", hash = "sha256:fb516cdb12eb0d857d0cd85a7c57cea4d060bee4578d6cf5a14dfdf8cbf8784a", size = 22743, upload-time = "2026-05-28T03:32:52.175Z" },
]

[[package]]
name = "pluggy"
version = "1.6.0"
source = { registry = "https://pypi.org/simple" }
sdist = { url = "https://files.pythonhosted.org/packages/f9/e2/3e91f31a7d2b083fe6ef3fa267035b518369d9511ffab804f839851d2779/pluggy-1.6.0.tar.gz", hash = "sha256:7dcc130b76258d33b90f61b658791dede3486c3e6bfb003ee5c9bfb396dd22f3", size = 69412, upload-time = "2025-05-15T12:30:07.975Z" }
wheels = [
    { url = "https://files.pythonhosted.org/packages/54/20/4d324d65cc6d9205fabedc306948156824eb9f0ee1633355a8f7ec5c66bf/pluggy-1.6.0-py3-none-any.whl", hash = "sha256:e920276dd6813095e9377c0bc5566d94c932c33b27a3e3945d8389c374dd4746", size = 20538, upload-time = "2025-05-15T12:30:06.134Z" },
]

[[package]]
name = "pygments"
version = "2.20.0"
source = { registry = "https://pypi.org/simple" }
sdist = { url = "https://files.pythonhosted.org/packages/c3/b2/bc9c9196916376152d655522fdcebac55e66de6603a76a02bca1b6414f6c/pygments-2.20.0.tar.gz", hash = "sha256:6757cd03768053ff99f3039c1a36d6c0aa0b263438fcab17520b30a303a82b5f", size = 4955991, upload-time = "2026-03-29T13:29:33.898Z" }
wheels = [
    { url = "https://files.pythonhosted.org/packages/f4/7e/a72dd26f3b0f4f2bf1dd8923c85f7ceb43172af56d63c7383eb62b332364/pygments-2.20.0-py3-none-any.whl", hash = "sha256:81a9e26dd42fd28a23a2d169d86d7ac03b46e2f8b59ed4698fb4785f946d0176", size = 1231151, upload-time = "2026-03-29T13:29:30.038Z" },
]

[[package]]
name = "pylint"
version = "4.0.6"
source = { registry = "https://pypi.org/simple" }
dependencies = [
    { name = "astroid" },
    { name = "colorama", marker = "sys_platform == 'win32'" },
    { name = "dill" },
    { name = "isort" },
    { name = "mccabe" },
    { name = "platformdirs" },
    { name = "tomlkit" },
]
sdist = { url = "https://files.pythonhosted.org/packages/7d/1d/3bb57f303701549550d74bf7ced2b07412be97125c167a0c9d216aa9f762/pylint-4.0.6.tar.gz", hash = "sha256:52f19191bee08bf103f9705ad1a0ece4aa5a0a4ef2bdcbd969375a1e6f6579d5", size = 1585588, upload-time = "2026-06-14T14:43:26.772Z" }
wheels = [
    { url = "https://files.pythonhosted.org/packages/ab/da/acb2e7d4dbd2dfb792d38c0d850481f29ad7049b356d23f56c687d35203b/pylint-4.0.6-py3-none-any.whl", hash = "sha256:d11a0e1fdb7b1cd46ec5d6fc78fee8b95f28695b2d6140e5809925f61e32ea54", size = 538389, upload-time = "2026-06-14T14:43:24.873Z" },
]

[[package]]
name = "pytest"
version = "9.1.1"
source = { registry = "https://pypi.org/simple" }
dependencies = [
    { name = "colorama", marker = "sys_platform == 'win32'" },
    { name = "iniconfig" },
    { name = "packaging" },
    { name = "pluggy" },
    { name = "pygments" },
]
sdist = { url = "https://files.pythonhosted.org/packages/e4/47/b9efed96c114afcfa3c9d3fe98a76a1d14c74a9e266d397cf6eb64be5e01/pytest-9.1.1.tar.gz", hash = "sha256:1088fbde8f2b49d95a549a195707afa7a76a3ce9bcadc26b6d71f0ffda5fe313", size = 1636369, upload-time = "2026-06-19T10:58:32.857Z" }
wheels = [
    { url = "https://files.pythonhosted.org/packages/24/25/1de2678b631f5a49215c6c96fff41ba892b0a34df68d6d80292b1b48aa7f/pytest-9.1.1-py3-none-any.whl", hash = "sha256:37a86b45efb9a47a61a36449063e8e18d0cab3161329fc099eb21783169c4f0c", size = 386536, upload-time = "2026-06-19T10:58:31.347Z" },
]

[[package]]
name = "python"
version = "0.1.0"
source = { virtual = "." }
dependencies = [
    { name = "pylint" },
    { name = "pytest" },
]

[package.metadata]
requires-dist = [
    { name = "pylint", specifier = ">=4.0.6" },
    { name = "pytest", specifier = ">=9.1.1" },
]

[[package]]
name = "tomlkit"
version = "0.15.0"
source = { registry = "https://pypi.org/simple" }
sdist = { url = "https://files.pythonhosted.org/packages/51/db/03eaf4331631ef6b27d6e3c9b68c54dc6f0d63d87201fed600cc409307fd/tomlkit-0.15.0.tar.gz", hash = "sha256:7d1a9ecba3086638211b13814ea79c90dd54dd11993564376f3aa92271f5c7a3", size = 161875, upload-time = "2026-05-10T07:38:22.245Z" }
wheels = [
    { url = "https://files.pythonhosted.org/packages/6a/43/8bd850ee71a191bf072e31302c73a66be413fecdd98fdcd111ecbcce13ca/tomlkit-0.15.0-py3-none-any.whl", hash = "sha256:4dbc8f0fc024412b57ced8757ac7461305126a648ff8c2c807fcb8e133a78738", size = 41328, upload-time = "2026-05-10T07:38:23.517Z" },
]
